{
  "name": "devcontainer-templates",
  "version": "1.0.0",
  "lockfileVersion": 3,
  "requires": true,
  "packages": {
    "": {
      "name": "devcontainer-templates",
      "version": "1.0.0",
      "license": "MIT",
      "devDependencies": {
        "@devcontainers/cli": "^0.66.0"
      }
    },
    "node_modules/@devcontainers/cli": {
      "version": "0.66.0",
      "resolved": "https://registry.npmjs.org/@devcontainers/cli/-/cli-0.66.0.tgz",
      "integrity": "sha512-+sMJCE6m1UVhUIJ6QSDowgoUuCYZ1W8fjBdQyRfMzBBl8Sp+O4BMq492hdIaEKSqWe92V2TAYg2sQPwNGlGZBA==",
      "dev": true,
      "bin": {
        "devcontainer": "devcontainer.js"
      },
      "engines": {
        "node": "^16.13.0 || >=18.0.0"
      }
    }
  }
}
